
Microsoft Visual Studio Solution File, Format Version 12.00
# Visual Studio Version 16
VisualStudioVersion = 16.0.32002.261
MinimumVisualStudioVersion = 10.0.40219.1
Project("{2150E333-8FDC-42A3-9474-1A3956D46DE8}") = "LabWorking01", "LabWorking01", "{952F8DE8-1A1A-4D39-87A3-BA67C34F81AD}"
EndProject
Project("{2150E333-8FDC-42A3-9474-1A3956D46DE8}") = "LabWorking02", "LabWorking02", "{5797EDCA-5431-4D71-8DE9-D3429B013A82}"
EndProject
Project("{2150E333-8FDC-42A3-9474-1A3956D46DE8}") = "LabWorking03", "LabWorking03", "{1D9F6868-7677-4B15-9E89-6B4127F536AF}"
EndProject
Project("{2150E333-8FDC-42A3-9474-1A3956D46DE8}") = "LabWorking04", "LabWorking04", "{9319E8AE-B608-4096-B047-79D9DF5276E2}"
EndProject
Project("{2150E333-8FDC-42A3-9474-1A3956D46DE8}") = "LabWorking05", "LabWorking05", "{9B06185D-73DC-40B2-8287-61EF685DD401}"
EndProject
Project("{2150E333-8FDC-42A3-9474-1A3956D46DE8}") = "LabWorking06", "LabWorking06", "{A5929C48-8582-4079-BEBB-69876F2C83D0}"
EndProject
Project("{2150E333-8FDC-42A3-9474-1A3956D46DE8}") = "LabWorking07", "LabWorking07", "{2C84DA1C-7DD3-49AE-8093-9DDAE73924EA}"
EndProject
Project("{2150E333-8FDC-42A3-9474-1A3956D46DE8}") = "LabWorking10", "LabWorking10", "{451D57B9-CA4E-4B47-830F-281EAB068E42}"
EndProject
Project("{2150E333-8FDC-42A3-9474-1A3956D46DE8}") = "LabWorking08", "LabWorking08", "{2E1C3779-6A2F-44E6-A153-75BD1931F1F7}"
EndProject
Project("{2150E333-8FDC-42A3-9474-1A3956D46DE8}") = "LabWorking09", "LabWorking09", "{ED387B72-C56E-4C94-AA4C-2F21F3F6BE1A}"
EndProject
Project("{8BC9CEB8-8B4A-11D0-8D11-00A0C91BC942}") = "Exercise1.CalcAreaPolygon", "LabWorking01\Exercise1.CalcAreaPolygon\Exercise1.CalcAreaPolygon.vcxproj", "{3B0CEC0D-84E7-4621-9F9E-BFB2E7496775}"
EndProject
Project("{8BC9CEB8-8B4A-11D0-8D11-00A0C91BC942}") = "Exercise2.ImplementationDataEntry", "LabWorking04\Exercise2.ImplementationDataEntry\Exercise2.ImplementationDataEntry.vcxproj", "{5DDA5870-753F-485E-8AF9-5B4E00E80E65}"
EndProject
Project("{8BC9CEB8-8B4A-11D0-8D11-00A0C91BC942}") = "Exercise1.RootsQuadraticEquation", "LabWorking04\Exercise1.RootsQuadraticEquation\Exercise1.RootsQuadraticEquation.vcxproj", "{054F5B5E-C52C-493F-8A90-A669ED21D0F0}"
EndProject
Project("{8BC9CEB8-8B4A-11D0-8D11-00A0C91BC942}") = "Exercise1.LeapYearDefinition", "LabWorking02\Exercise1.LeapYearDefinition\Exercise1.LeapYearDefinition.vcxproj", "{03FA904A-8FE5-480F-9839-80C3D4ECF64F}"
EndProject
Project("{8BC9CEB8-8B4A-11D0-8D11-00A0C91BC942}") = "Exercise3.CoinExchange", "LabWorking02\Exercise3.CoinExchange\Exercise3.CoinExchange.vcxproj", "{B1D7B4E7-D8BF-4ED1-84D1-E5DD0B57576B}"
EndProject
Project("{8BC9CEB8-8B4A-11D0-8D11-00A0C91BC942}") = "Exercise2.LargestThreeNumbers", "LabWorking02\Exercise2.LargestThreeNumbers\Exercise2.LargestThreeNumbers.vcxproj", "{E9C0F9A2-C505-4EEE-AD94-E1E9FF703F4D}"
EndProject
Project("{8BC9CEB8-8B4A-11D0-8D11-00A0C91BC942}") = "Exercise4.TargetShooting", "LabWorking02\Exercise4.TargetShooting\Exercise4.TargetShooting.vcxproj", "{C48A86FA-8428-4C95-B54B-2B0427962198}"
EndProject
Project("{8BC9CEB8-8B4A-11D0-8D11-00A0C91BC942}") = "Exercise1.WriteTextToFile", "LabWorking06\Exercise1.WriteTextToFile\Exercise1.WriteTextToFile.vcxproj", "{12F5164A-B58C-4532-BA6D-930EE1D441B2}"
EndProject
Project("{8BC9CEB8-8B4A-11D0-8D11-00A0C91BC942}") = "Exercise2.SavingDataToFile", "LabWorking06\Exercise2.SavingDataToFile\Exercise2.SavingDataToFile.vcxproj", "{4396CE83-6B3E-435E-B391-E4C3647047CF}"
EndProject
Project("{8BC9CEB8-8B4A-11D0-8D11-00A0C91BC942}") = "Exercise1.CalcAreaOfComplexFigure", "LabWorking03\Exercise1.CalcAreaOfComplexFigure\Exercise1.CalcAreaOfComplexFigure.vcxproj", "{DED55F23-4D8D-45B4-9B82-10528E23C861}"
EndProject
Project("{8BC9CEB8-8B4A-11D0-8D11-00A0C91BC942}") = "Exercise2.CalcCubeRoot", "LabWorking03\Exercise2.CalcCubeRoot\Exercise2.CalcCubeRoot.vcxproj", "{82916062-B46F-40A9-9247-933B7ADED8FF}"
EndProject
Project("{8BC9CEB8-8B4A-11D0-8D11-00A0C91BC942}") = "Exercise3.CalcAreaOfTriangles", "LabWorking03\Exercise3.CalcAreaOfTriangles\Exercise3.CalcAreaOfTriangles.vcxproj", "{7DC9BCD4-35D3-4277-BAC7-8320E54185D4}"
EndProject
Project("{8BC9CEB8-8B4A-11D0-8D11-00A0C91BC942}") = "Exercise4.RecursiveSeriesSumFunction", "LabWorking03\Exercise4.RecursiveSeriesSumFunction\Exercise4.RecursiveSeriesSumFunction.vcxproj", "{E9738508-E25F-46B8-8AFC-DBEB75DEB072}"
EndProject
Project("{8BC9CEB8-8B4A-11D0-8D11-00A0C91BC942}") = "Exercise5.ConvertDecimalToBinary", "LabWorking03\Exercise5.ConvertDecimalToBinary\Exercise5.ConvertDecimalToBinary.vcxproj", "{CFFC2D57-8DC0-47A2-B1F1-F32F16F01050}"
EndProject
Project("{8BC9CEB8-8B4A-11D0-8D11-00A0C91BC942}") = "Exercise1.PassingAarrayToFunction", "LabWorking05\Exercise1.PassingAarrayToFunction\Exercise1.PassingAarrayToFunction.vcxproj", "{EF6C48F6-F765-42EF-9C98-85D5685BC23A}"
EndProject
Project("{8BC9CEB8-8B4A-11D0-8D11-00A0C91BC942}") = "Exercise2.ReturningArrayFromFunction", "LabWorking05\Exercise2.ReturningArrayFromFunction\Exercise2.ReturningArrayFromFunction.vcxproj", "{84577D4A-EC3A-46BE-B2A3-538EAD4F3636}"
EndProject
Project("{8BC9CEB8-8B4A-11D0-8D11-00A0C91BC942}") = "Exercise2.StructRoots", "LabWorking07\Exercise2.StructRoots\Exercise2.StructRoots.vcxproj", "{B670D244-135A-4070-9319-A280E4BE08A9}"
EndProject
Project("{8BC9CEB8-8B4A-11D0-8D11-00A0C91BC942}") = "Exercise3.TupleRoots", "LabWorking07\Exercise3.TupleRoots\Exercise3.TupleRoots.vcxproj", "{E6780FDD-5375-4894-A7C0-C16CB461227D}"
EndProject
Project("{8BC9CEB8-8B4A-11D0-8D11-00A0C91BC942}") = "Exercise1.ClassTime", "LabWorking08\Exercise1.ClassTime\Exercise1.ClassTime.vcxproj", "{AEDEC885-A038-4336-9855-B1C521695089}"
EndProject
Project("{8BC9CEB8-8B4A-11D0-8D11-00A0C91BC942}") = "Exercise1.ExceptionTriangleClass", "LabWorking09\Exercise1.ExceptionTriangleClass\Exercise1.ExceptionTriangleClass.vcxproj", "{5DE91A62-240A-412F-9ABE-83538CBCE86B}"
EndProject
Project("{8BC9CEB8-8B4A-11D0-8D11-00A0C91BC942}") = "Exercise2.ExtensionTimeClassAddException", "LabWorking09\Exercise2.ExtensionTimeClassAddException\Exercise2.ExtensionTimeClassAddException.vcxproj", "{918974AD-99D6-4A4A-80F9-FE3EAD32A098}"
EndProject
Project("{8BC9CEB8-8B4A-11D0-8D11-00A0C91BC942}") = "Exercise1.TriangleClass", "LabWorking10\Exercise1.TriangleClass\Exercise1.TriangleClass.vcxproj", "{DA2CCC05-6C8B-41FD-9C1C-768C81EF74A2}"
EndProject
Project("{8BC9CEB8-8B4A-11D0-8D11-00A0C91BC942}") = "Exercise1.StructTime", "LabWorking07\Exercise1.StructTime\Exercise1.StructTime.vcxproj", "{D43F12AC-CB80-4B26-90B3-5526E4C8E332}"
EndProject
Project("{2150E333-8FDC-42A3-9474-1A3956D46DE8}") = "LabWorking11", "LabWorking11", "{06BA3950-43A7-4A1A-8C96-FF055F245C81}"
EndProject
Project("{2150E333-8FDC-42A3-9474-1A3956D46DE8}") = "LabWorking13", "LabWorking13", "{FBC61EEE-D855-463F-AE37-846E2FDFE6FE}"
EndProject
Project("{2150E333-8FDC-42A3-9474-1A3956D46DE8}") = "LabWorking14", "LabWorking14", "{87875DB6-5E85-4EB4-B074-D663D31FF797}"
EndProject
Project("{2150E333-8FDC-42A3-9474-1A3956D46DE8}") = "LabWorking15", "LabWorking15", "{8F4D27C9-2F65-4CD8-A7D1-9930754FAA6A}"
EndProject
Project("{2150E333-8FDC-42A3-9474-1A3956D46DE8}") = "ControlTask", "ControlTask", "{52DBBB2D-2482-488C-A71C-92CD0534BA53}"
EndProject
Project("{8BC9CEB8-8B4A-11D0-8D11-00A0C91BC942}") = "Exercise1.OperatorOverloadingClassTime", "LabWorking11\Exercise1.OperatorOverloadingClassTime\Exercise1.OperatorOverloadingClassTime.vcxproj", "{0875E1D8-CCEF-47FB-9945-65980AE956F2}"
EndProject
Project("{8BC9CEB8-8B4A-11D0-8D11-00A0C91BC942}") = "Exercise2.SortingPointsInVector", "LabWorking11\Exercise2.SortingPointsInVector\Exercise2.SortingPointsInVector.vcxproj", "{90503E6A-FD28-4E26-87AD-D13F368AE7BE}"
EndProject
Project("{8BC9CEB8-8B4A-11D0-8D11-00A0C91BC942}") = "Exercise1.Polymorphism", "LabWorking13\Exercise1.Polymorphism\Exercise1.Polymorphism.vcxproj", "{47122038-C2C0-4F48-BF13-D746593F9E77}"
EndProject
Project("{8BC9CEB8-8B4A-11D0-8D11-00A0C91BC942}") = "Exercise1.TemplateFunction", "LabWorking14\Exercise1.TemplateFunction\Exercise1.TemplateFunction.vcxproj", "{E45212A0-E0D9-4E05-9DF5-7B6963CDC65C}"
EndProject
Project("{8BC9CEB8-8B4A-11D0-8D11-00A0C91BC942}") = "Exercise1.UsingSTL", "LabWorking15\Exercise1.UsingSTL\Exercise1.UsingSTL.vcxproj", "{A25C9D1B-7FA0-4314-B97B-1D9CEB503264}"
EndProject
Project("{8BC9CEB8-8B4A-11D0-8D11-00A0C91BC942}") = "ControlTaskCpp", "ControlTask\ControlTaskCpp\ControlTaskCpp.vcxproj", "{42205D01-C268-4A7A-AEC2-9CA8FA77D5B4}"
EndProject
Global
	GlobalSection(SolutionConfigurationPlatforms) = preSolution
		Debug|x64 = Debug|x64
		Debug|x86 = Debug|x86
		Release|x64 = Release|x64
		Release|x86 = Release|x86
	EndGlobalSection
	GlobalSection(ProjectConfigurationPlatforms) = postSolution
		{3B0CEC0D-84E7-4621-9F9E-BFB2E7496775}.Debug|x64.ActiveCfg = Debug|x64
		{3B0CEC0D-84E7-4621-9F9E-BFB2E7496775}.Debug|x64.Build.0 = Debug|x64
		{3B0CEC0D-84E7-4621-9F9E-BFB2E7496775}.Debug|x86.ActiveCfg = Debug|Win32
		{3B0CEC0D-84E7-4621-9F9E-BFB2E7496775}.Debug|x86.Build.0 = Debug|Win32
		{3B0CEC0D-84E7-4621-9F9E-BFB2E7496775}.Release|x64.ActiveCfg = Release|x64
		{3B0CEC0D-84E7-4621-9F9E-BFB2E7496775}.Release|x64.Build.0 = Release|x64
		{3B0CEC0D-84E7-4621-9F9E-BFB2E7496775}.Release|x86.ActiveCfg = Release|Win32
		{3B0CEC0D-84E7-4621-9F9E-BFB2E7496775}.Release|x86.Build.0 = Release|Win32
		{5DDA5870-753F-485E-8AF9-5B4E00E80E65}.Debug|x64.ActiveCfg = Debug|x64
		{5DDA5870-753F-485E-8AF9-5B4E00E80E65}.Debug|x64.Build.0 = Debug|x64
		{5DDA5870-753F-485E-8AF9-5B4E00E80E65}.Debug|x86.ActiveCfg = Debug|Win32
		{5DDA5870-753F-485E-8AF9-5B4E00E80E65}.Debug|x86.Build.0 = Debug|Win32
		{5DDA5870-753F-485E-8AF9-5B4E00E80E65}.Release|x64.ActiveCfg = Release|x64
		{5DDA5870-753F-485E-8AF9-5B4E00E80E65}.Release|x64.Build.0 = Release|x64
		{5DDA5870-753F-485E-8AF9-5B4E00E80E65}.Release|x86.ActiveCfg = Release|Win32
		{5DDA5870-753F-485E-8AF9-5B4E00E80E65}.Release|x86.Build.0 = Release|Win32
		{054F5B5E-C52C-493F-8A90-A669ED21D0F0}.Debug|x64.ActiveCfg = Debug|x64
		{054F5B5E-C52C-493F-8A90-A669ED21D0F0}.Debug|x64.Build.0 = Debug|x64
		{054F5B5E-C52C-493F-8A90-A669ED21D0F0}.Debug|x86.ActiveCfg = Debug|Win32
		{054F5B5E-C52C-493F-8A90-A669ED21D0F0}.Debug|x86.Build.0 = Debug|Win32
		{054F5B5E-C52C-493F-8A90-A669ED21D0F0}.Release|x64.ActiveCfg = Release|x64
		{054F5B5E-C52C-493F-8A90-A669ED21D0F0}.Release|x64.Build.0 = Release|x64
		{054F5B5E-C52C-493F-8A90-A669ED21D0F0}.Release|x86.ActiveCfg = Release|Win32
		{054F5B5E-C52C-493F-8A90-A669ED21D0F0}.Release|x86.Build.0 = Release|Win32
		{03FA904A-8FE5-480F-9839-80C3D4ECF64F}.Debug|x64.ActiveCfg = Debug|x64
		{03FA904A-8FE5-480F-9839-80C3D4ECF64F}.Debug|x64.Build.0 = Debug|x64
		{03FA904A-8FE5-480F-9839-80C3D4ECF64F}.Debug|x86.ActiveCfg = Debug|Win32
		{03FA904A-8FE5-480F-9839-80C3D4ECF64F}.Debug|x86.Build.0 = Debug|Win32
		{03FA904A-8FE5-480F-9839-80C3D4ECF64F}.Release|x64.ActiveCfg = Release|x64
		{03FA904A-8FE5-480F-9839-80C3D4ECF64F}.Release|x64.Build.0 = Release|x64
		{03FA904A-8FE5-480F-9839-80C3D4ECF64F}.Release|x86.ActiveCfg = Release|Win32
		{03FA904A-8FE5-480F-9839-80C3D4ECF64F}.Release|x86.Build.0 = Release|Win32
		{B1D7B4E7-D8BF-4ED1-84D1-E5DD0B57576B}.Debug|x64.ActiveCfg = Debug|x64
		{B1D7B4E7-D8BF-4ED1-84D1-E5DD0B57576B}.Debug|x64.Build.0 = Debug|x64
		{B1D7B4E7-D8BF-4ED1-84D1-E5DD0B57576B}.Debug|x86.ActiveCfg = Debug|Win32
		{B1D7B4E7-D8BF-4ED1-84D1-E5DD0B57576B}.Debug|x86.Build.0 = Debug|Win32
		{B1D7B4E7-D8BF-4ED1-84D1-E5DD0B57576B}.Release|x64.ActiveCfg = Release|x64
		{B1D7B4E7-D8BF-4ED1-84D1-E5DD0B57576B}.Release|x64.Build.0 = Release|x64
		{B1D7B4E7-D8BF-4ED1-84D1-E5DD0B57576B}.Release|x86.ActiveCfg = Release|Win32
		{B1D7B4E7-D8BF-4ED1-84D1-E5DD0B57576B}.Release|x86.Build.0 = Release|Win32
		{E9C0F9A2-C505-4EEE-AD94-E1E9FF703F4D}.Debug|x64.ActiveCfg = Debug|x64
		{E9C0F9A2-C505-4EEE-AD94-E1E9FF703F4D}.Debug|x64.Build.0 = Debug|x64
		{E9C0F9A2-C505-4EEE-AD94-E1E9FF703F4D}.Debug|x86.ActiveCfg = Debug|Win32
		{E9C0F9A2-C505-4EEE-AD94-E1E9FF703F4D}.Debug|x86.Build.0 = Debug|Win32
		{E9C0F9A2-C505-4EEE-AD94-E1E9FF703F4D}.Release|x64.ActiveCfg = Release|x64
		{E9C0F9A2-C505-4EEE-AD94-E1E9FF703F4D}.Release|x64.Build.0 = Release|x64
		{E9C0F9A2-C505-4EEE-AD94-E1E9FF703F4D}.Release|x86.ActiveCfg = Release|Win32
		{E9C0F9A2-C505-4EEE-AD94-E1E9FF703F4D}.Release|x86.Build.0 = Release|Win32
		{C48A86FA-8428-4C95-B54B-2B0427962198}.Debug|x64.ActiveCfg = Debug|x64
		{C48A86FA-8428-4C95-B54B-2B0427962198}.Debug|x64.Build.0 = Debug|x64
		{C48A86FA-8428-4C95-B54B-2B0427962198}.Debug|x86.ActiveCfg = Debug|Win32
		{C48A86FA-8428-4C95-B54B-2B0427962198}.Debug|x86.Build.0 = Debug|Win32
		{C48A86FA-8428-4C95-B54B-2B0427962198}.Release|x64.ActiveCfg = Release|x64
		{C48A86FA-8428-4C95-B54B-2B0427962198}.Release|x64.Build.0 = Release|x64
		{C48A86FA-8428-4C95-B54B-2B0427962198}.Release|x86.ActiveCfg = Release|Win32
		{C48A86FA-8428-4C95-B54B-2B0427962198}.Release|x86.Build.0 = Release|Win32
		{12F5164A-B58C-4532-BA6D-930EE1D441B2}.Debug|x64.ActiveCfg = Debug|x64
		{12F5164A-B58C-4532-BA6D-930EE1D441B2}.Debug|x64.Build.0 = Debug|x64
		{12F5164A-B58C-4532-BA6D-930EE1D441B2}.Debug|x86.ActiveCfg = Debug|Win32
		{12F5164A-B58C-4532-BA6D-930EE1D441B2}.Debug|x86.Build.0 = Debug|Win32
		{12F5164A-B58C-4532-BA6D-930EE1D441B2}.Release|x64.ActiveCfg = Release|x64
		{12F5164A-B58C-4532-BA6D-930EE1D441B2}.Release|x64.Build.0 = Release|x64
		{12F5164A-B58C-4532-BA6D-930EE1D441B2}.Release|x86.ActiveCfg = Release|Win32
		{12F5164A-B58C-4532-BA6D-930EE1D441B2}.Release|x86.Build.0 = Release|Win32
		{4396CE83-6B3E-435E-B391-E4C3647047CF}.Debug|x64.ActiveCfg = Debug|x64
		{4396CE83-6B3E-435E-B391-E4C3647047CF}.Debug|x64.Build.0 = Debug|x64
		{4396CE83-6B3E-435E-B391-E4C3647047CF}.Debug|x86.ActiveCfg = Debug|Win32
		{4396CE83-6B3E-435E-B391-E4C3647047CF}.Debug|x86.Build.0 = Debug|Win32
		{4396CE83-6B3E-435E-B391-E4C3647047CF}.Release|x64.ActiveCfg = Release|x64
		{4396CE83-6B3E-435E-B391-E4C3647047CF}.Release|x64.Build.0 = Release|x64
		{4396CE83-6B3E-435E-B391-E4C3647047CF}.Release|x86.ActiveCfg = Release|Win32
		{4396CE83-6B3E-435E-B391-E4C3647047CF}.Release|x86.Build.0 = Release|Win32
		{DED55F23-4D8D-45B4-9B82-10528E23C861}.Debug|x64.ActiveCfg = Debug|x64
		{DED55F23-4D8D-45B4-9B82-10528E23C861}.Debug|x64.Build.0 = Debug|x64
		{DED55F23-4D8D-45B4-9B82-10528E23C861}.Debug|x86.ActiveCfg = Debug|Win32
		{DED55F23-4D8D-45B4-9B82-10528E23C861}.Debug|x86.Build.0 = Debug|Win32
		{DED55F23-4D8D-45B4-9B82-10528E23C861}.Release|x64.ActiveCfg = Release|x64
		{DED55F23-4D8D-45B4-9B82-10528E23C861}.Release|x64.Build.0 = Release|x64
		{DED55F23-4D8D-45B4-9B82-10528E23C861}.Release|x86.ActiveCfg = Release|Win32
		{DED55F23-4D8D-45B4-9B82-10528E23C861}.Release|x86.Build.0 = Release|Win32
		{82916062-B46F-40A9-9247-933B7ADED8FF}.Debug|x64.ActiveCfg = Debug|x64
		{82916062-B46F-40A9-9247-933B7ADED8FF}.Debug|x64.Build.0 = Debug|x64
		{82916062-B46F-40A9-9247-933B7ADED8FF}.Debug|x86.ActiveCfg = Debug|Win32
		{82916062-B46F-40A9-9247-933B7ADED8FF}.Debug|x86.Build.0 = Debug|Win32
		{82916062-B46F-40A9-9247-933B7ADED8FF}.Release|x64.ActiveCfg = Release|x64
		{82916062-B46F-40A9-9247-933B7ADED8FF}.Release|x64.Build.0 = Release|x64
		{82916062-B46F-40A9-9247-933B7ADED8FF}.Release|x86.ActiveCfg = Release|Win32
		{82916062-B46F-40A9-9247-933B7ADED8FF}.Release|x86.Build.0 = Release|Win32
		{7DC9BCD4-35D3-4277-BAC7-8320E54185D4}.Debug|x64.ActiveCfg = Debug|x64
		{7DC9BCD4-35D3-4277-BAC7-8320E54185D4}.Debug|x64.Build.0 = Debug|x64
		{7DC9BCD4-35D3-4277-BAC7-8320E54185D4}.Debug|x86.ActiveCfg = Debug|Win32
		{7DC9BCD4-35D3-4277-BAC7-8320E54185D4}.Debug|x86.Build.0 = Debug|Win32
		{7DC9BCD4-35D3-4277-BAC7-8320E54185D4}.Release|x64.ActiveCfg = Release|x64
		{7DC9BCD4-35D3-4277-BAC7-8320E54185D4}.Release|x64.Build.0 = Release|x64
		{7DC9BCD4-35D3-4277-BAC7-8320E54185D4}.Release|x86.ActiveCfg = Release|Win32
		{7DC9BCD4-35D3-4277-BAC7-8320E54185D4}.Release|x86.Build.0 = Release|Win32
		{E9738508-E25F-46B8-8AFC-DBEB75DEB072}.Debug|x64.ActiveCfg = Debug|x64
		{E9738508-E25F-46B8-8AFC-DBEB75DEB072}.Debug|x64.Build.0 = Debug|x64
		{E9738508-E25F-46B8-8AFC-DBEB75DEB072}.Debug|x86.ActiveCfg = Debug|Win32
		{E9738508-E25F-46B8-8AFC-DBEB75DEB072}.Debug|x86.Build.0 = Debug|Win32
		{E9738508-E25F-46B8-8AFC-DBEB75DEB072}.Release|x64.ActiveCfg = Release|x64
		{E9738508-E25F-46B8-8AFC-DBEB75DEB072}.Release|x64.Build.0 = Release|x64
		{E9738508-E25F-46B8-8AFC-DBEB75DEB072}.Release|x86.ActiveCfg = Release|Win32
		{E9738508-E25F-46B8-8AFC-DBEB75DEB072}.Release|x86.Build.0 = Release|Win32
		{CFFC2D57-8DC0-47A2-B1F1-F32F16F01050}.Debug|x64.ActiveCfg = Debug|x64
		{CFFC2D57-8DC0-47A2-B1F1-F32F16F01050}.Debug|x64.Build.0 = Debug|x64
		{CFFC2D57-8DC0-47A2-B1F1-F32F16F01050}.Debug|x86.ActiveCfg = Debug|Win32
		{CFFC2D57-8DC0-47A2-B1F1-F32F16F01050}.Debug|x86.Build.0 = Debug|Win32
		{CFFC2D57-8DC0-47A2-B1F1-F32F16F01050}.Release|x64.ActiveCfg = Release|x64
		{CFFC2D57-8DC0-47A2-B1F1-F32F16F01050}.Release|x64.Build.0 = Release|x64
		{CFFC2D57-8DC0-47A2-B1F1-F32F16F01050}.Release|x86.ActiveCfg = Release|Win32
		{CFFC2D57-8DC0-47A2-B1F1-F32F16F01050}.Release|x86.Build.0 = Release|Win32
		{EF6C48F6-F765-42EF-9C98-85D5685BC23A}.Debug|x64.ActiveCfg = Debug|x64
		{EF6C48F6-F765-42EF-9C98-85D5685BC23A}.Debug|x64.Build.0 = Debug|x64
		{EF6C48F6-F765-42EF-9C98-85D5685BC23A}.Debug|x86.ActiveCfg = Debug|Win32
		{EF6C48F6-F765-42EF-9C98-85D5685BC23A}.Debug|x86.Build.0 = Debug|Win32
		{EF6C48F6-F765-42EF-9C98-85D5685BC23A}.Release|x64.ActiveCfg = Release|x64
		{EF6C48F6-F765-42EF-9C98-85D5685BC23A}.Release|x64.Build.0 = Release|x64
		{EF6C48F6-F765-42EF-9C98-85D5685BC23A}.Release|x86.ActiveCfg = Release|Win32
		{EF6C48F6-F765-42EF-9C98-85D5685BC23A}.Release|x86.Build.0 = Release|Win32
		{84577D4A-EC3A-46BE-B2A3-538EAD4F3636}.Debug|x64.ActiveCfg = Debug|x64
		{84577D4A-EC3A-46BE-B2A3-538EAD4F3636}.Debug|x64.Build.0 = Debug|x64
		{84577D4A-EC3A-46BE-B2A3-538EAD4F3636}.Debug|x86.ActiveCfg = Debug|Win32
		{84577D4A-EC3A-46BE-B2A3-538EAD4F3636}.Debug|x86.Build.0 = Debug|Win32
		{84577D4A-EC3A-46BE-B2A3-538EAD4F3636}.Release|x64.ActiveCfg = Release|x64
		{84577D4A-EC3A-46BE-B2A3-538EAD4F3636}.Release|x64.Build.0 = Release|x64
		{84577D4A-EC3A-46BE-B2A3-538EAD4F3636}.Release|x86.ActiveCfg = Release|Win32
		{84577D4A-EC3A-46BE-B2A3-538EAD4F3636}.Release|x86.Build.0 = Release|Win32
		{B670D244-135A-4070-9319-A280E4BE08A9}.Debug|x64.ActiveCfg = Debug|x64
		{B670D244-135A-4070-9319-A280E4BE08A9}.Debug|x64.Build.0 = Debug|x64
		{B670D244-135A-4070-9319-A280E4BE08A9}.Debug|x86.ActiveCfg = Debug|Win32
		{B670D244-135A-4070-9319-A280E4BE08A9}.Debug|x86.Build.0 = Debug|Win32
		{B670D244-135A-4070-9319-A280E4BE08A9}.Release|x64.ActiveCfg = Release|x64
		{B670D244-135A-4070-9319-A280E4BE08A9}.Release|x64.Build.0 = Release|x64
		{B670D244-135A-4070-9319-A280E4BE08A9}.Release|x86.ActiveCfg = Release|Win32
		{B670D244-135A-4070-9319-A280E4BE08A9}.Release|x86.Build.0 = Release|Win32
		{E6780FDD-5375-4894-A7C0-C16CB461227D}.Debug|x64.ActiveCfg = Debug|x64
		{E6780FDD-5375-4894-A7C0-C16CB461227D}.Debug|x64.Build.0 = Debug|x64
		{E6780FDD-5375-4894-A7C0-C16CB461227D}.Debug|x86.ActiveCfg = Debug|Win32
		{E6780FDD-5375-4894-A7C0-C16CB461227D}.Debug|x86.Build.0 = Debug|Win32
		{E6780FDD-5375-4894-A7C0-C16CB461227D}.Release|x64.ActiveCfg = Release|x64
		{E6780FDD-5375-4894-A7C0-C16CB461227D}.Release|x64.Build.0 = Release|x64
		{E6780FDD-5375-4894-A7C0-C16CB461227D}.Release|x86.ActiveCfg = Release|Win32
		{E6780FDD-5375-4894-A7C0-C16CB461227D}.Release|x86.Build.0 = Release|Win32
		{AEDEC885-A038-4336-9855-B1C521695089}.Debug|x64.ActiveCfg = Debug|x64
		{AEDEC885-A038-4336-9855-B1C521695089}.Debug|x64.Build.0 = Debug|x64
		{AEDEC885-A038-4336-9855-B1C521695089}.Debug|x86.ActiveCfg = Debug|Win32
		{AEDEC885-A038-4336-9855-B1C521695089}.Debug|x86.Build.0 = Debug|Win32
		{AEDEC885-A038-4336-9855-B1C521695089}.Release|x64.ActiveCfg = Release|x64
		{AEDEC885-A038-4336-9855-B1C521695089}.Release|x64.Build.0 = Release|x64
		{AEDEC885-A038-4336-9855-B1C521695089}.Release|x86.ActiveCfg = Release|Win32
		{AEDEC885-A038-4336-9855-B1C521695089}.Release|x86.Build.0 = Release|Win32
		{5DE91A62-240A-412F-9ABE-83538CBCE86B}.Debug|x64.ActiveCfg = Debug|x64
		{5DE91A62-240A-412F-9ABE-83538CBCE86B}.Debug|x64.Build.0 = Debug|x64
		{5DE91A62-240A-412F-9ABE-83538CBCE86B}.Debug|x86.ActiveCfg = Debug|Win32
		{5DE91A62-240A-412F-9ABE-83538CBCE86B}.Debug|x86.Build.0 = Debug|Win32
		{5DE91A62-240A-412F-9ABE-83538CBCE86B}.Release|x64.ActiveCfg = Release|x64
		{5DE91A62-240A-412F-9ABE-83538CBCE86B}.Release|x64.Build.0 = Release|x64
		{5DE91A62-240A-412F-9ABE-83538CBCE86B}.Release|x86.ActiveCfg = Release|Win32
		{5DE91A62-240A-412F-9ABE-83538CBCE86B}.Release|x86.Build.0 = Release|Win32
		{918974AD-99D6-4A4A-80F9-FE3EAD32A098}.Debug|x64.ActiveCfg = Debug|x64
		{918974AD-99D6-4A4A-80F9-FE3EAD32A098}.Debug|x64.Build.0 = Debug|x64
		{918974AD-99D6-4A4A-80F9-FE3EAD32A098}.Debug|x86.ActiveCfg = Debug|Win32
		{918974AD-99D6-4A4A-80F9-FE3EAD32A098}.Debug|x86.Build.0 = Debug|Win32
		{918974AD-99D6-4A4A-80F9-FE3EAD32A098}.Release|x64.ActiveCfg = Release|x64
		{918974AD-99D6-4A4A-80F9-FE3EAD32A098}.Release|x64.Build.0 = Release|x64
		{918974AD-99D6-4A4A-80F9-FE3EAD32A098}.Release|x86.ActiveCfg = Release|Win32
		{918974AD-99D6-4A4A-80F9-FE3EAD32A098}.Release|x86.Build.0 = Release|Win32
		{DA2CCC05-6C8B-41FD-9C1C-768C81EF74A2}.Debug|x64.ActiveCfg = Debug|x64
		{DA2CCC05-6C8B-41FD-9C1C-768C81EF74A2}.Debug|x64.Build.0 = Debug|x64
		{DA2CCC05-6C8B-41FD-9C1C-768C81EF74A2}.Debug|x86.ActiveCfg = Debug|Win32
		{DA2CCC05-6C8B-41FD-9C1C-768C81EF74A2}.Debug|x86.Build.0 = Debug|Win32
		{DA2CCC05-6C8B-41FD-9C1C-768C81EF74A2}.Release|x64.ActiveCfg = Release|x64
		{DA2CCC05-6C8B-41FD-9C1C-768C81EF74A2}.Release|x64.Build.0 = Release|x64
		{DA2CCC05-6C8B-41FD-9C1C-768C81EF74A2}.Release|x86.ActiveCfg = Release|Win32
		{DA2CCC05-6C8B-41FD-9C1C-768C81EF74A2}.Release|x86.Build.0 = Release|Win32
		{D43F12AC-CB80-4B26-90B3-5526E4C8E332}.Debug|x64.ActiveCfg = Debug|x64
		{D43F12AC-CB80-4B26-90B3-5526E4C8E332}.Debug|x64.Build.0 = Debug|x64
		{D43F12AC-CB80-4B26-90B3-5526E4C8E332}.Debug|x86.ActiveCfg = Debug|Win32
		{D43F12AC-CB80-4B26-90B3-5526E4C8E332}.Debug|x86.Build.0 = Debug|Win32
		{D43F12AC-CB80-4B26-90B3-5526E4C8E332}.Release|x64.ActiveCfg = Release|x64
		{D43F12AC-CB80-4B26-90B3-5526E4C8E332}.Release|x64.Build.0 = Release|x64
		{D43F12AC-CB80-4B26-90B3-5526E4C8E332}.Release|x86.ActiveCfg = Release|Win32
		{D43F12AC-CB80-4B26-90B3-5526E4C8E332}.Release|x86.Build.0 = Release|Win32
		{0875E1D8-CCEF-47FB-9945-65980AE956F2}.Debug|x64.ActiveCfg = Debug|x64
		{0875E1D8-CCEF-47FB-9945-65980AE956F2}.Debug|x64.Build.0 = Debug|x64
		{0875E1D8-CCEF-47FB-9945-65980AE956F2}.Debug|x86.ActiveCfg = Debug|Win32
		{0875E1D8-CCEF-47FB-9945-65980AE956F2}.Debug|x86.Build.0 = Debug|Win32
		{0875E1D8-CCEF-47FB-9945-65980AE956F2}.Release|x64.ActiveCfg = Release|x64
		{0875E1D8-CCEF-47FB-9945-65980AE956F2}.Release|x64.Build.0 = Release|x64
		{0875E1D8-CCEF-47FB-9945-65980AE956F2}.Release|x86.ActiveCfg = Release|Win32
		{0875E1D8-CCEF-47FB-9945-65980AE956F2}.Release|x86.Build.0 = Release|Win32
		{90503E6A-FD28-4E26-87AD-D13F368AE7BE}.Debug|x64.ActiveCfg = Debug|x64
		{90503E6A-FD28-4E26-87AD-D13F368AE7BE}.Debug|x64.Build.0 = Debug|x64
		{90503E6A-FD28-4E26-87AD-D13F368AE7BE}.Debug|x86.ActiveCfg = Debug|Win32
		{90503E6A-FD28-4E26-87AD-D13F368AE7BE}.Debug|x86.Build.0 = Debug|Win32
		{90503E6A-FD28-4E26-87AD-D13F368AE7BE}.Release|x64.ActiveCfg = Release|x64
		{90503E6A-FD28-4E26-87AD-D13F368AE7BE}.Release|x64.Build.0 = Release|x64
		{90503E6A-FD28-4E26-87AD-D13F368AE7BE}.Release|x86.ActiveCfg = Release|Win32
		{90503E6A-FD28-4E26-87AD-D13F368AE7BE}.Release|x86.Build.0 = Release|Win32
		{47122038-C2C0-4F48-BF13-D746593F9E77}.Debug|x64.ActiveCfg = Debug|x64
		{47122038-C2C0-4F48-BF13-D746593F9E77}.Debug|x64.Build.0 = Debug|x64
		{47122038-C2C0-4F48-BF13-D746593F9E77}.Debug|x86.ActiveCfg = Debug|Win32
		{47122038-C2C0-4F48-BF13-D746593F9E77}.Debug|x86.Build.0 = Debug|Win32
		{47122038-C2C0-4F48-BF13-D746593F9E77}.Release|x64.ActiveCfg = Release|x64
		{47122038-C2C0-4F48-BF13-D746593F9E77}.Release|x64.Build.0 = Release|x64
		{47122038-C2C0-4F48-BF13-D746593F9E77}.Release|x86.ActiveCfg = Release|Win32
		{47122038-C2C0-4F48-BF13-D746593F9E77}.Release|x86.Build.0 = Release|Win32
		{E45212A0-E0D9-4E05-9DF5-7B6963CDC65C}.Debug|x64.ActiveCfg = Debug|x64
		{E45212A0-E0D9-4E05-9DF5-7B6963CDC65C}.Debug|x64.Build.0 = Debug|x64
		{E45212A0-E0D9-4E05-9DF5-7B6963CDC65C}.Debug|x86.ActiveCfg = Debug|Win32
		{E45212A0-E0D9-4E05-9DF5-7B6963CDC65C}.Debug|x86.Build.0 = Debug|Win32
		{E45212A0-E0D9-4E05-9DF5-7B6963CDC65C}.Release|x64.ActiveCfg = Release|x64
		{E45212A0-E0D9-4E05-9DF5-7B6963CDC65C}.Release|x64.Build.0 = Release|x64
		{E45212A0-E0D9-4E05-9DF5-7B6963CDC65C}.Release|x86.ActiveCfg = Release|Win32
		{E45212A0-E0D9-4E05-9DF5-7B6963CDC65C}.Release|x86.Build.0 = Release|Win32
		{A25C9D1B-7FA0-4314-B97B-1D9CEB503264}.Debug|x64.ActiveCfg = Debug|x64
		{A25C9D1B-7FA0-4314-B97B-1D9CEB503264}.Debug|x64.Build.0 = Debug|x64
		{A25C9D1B-7FA0-4314-B97B-1D9CEB503264}.Debug|x86.ActiveCfg = Debug|Win32
		{A25C9D1B-7FA0-4314-B97B-1D9CEB503264}.Debug|x86.Build.0 = Debug|Win32
		{A25C9D1B-7FA0-4314-B97B-1D9CEB503264}.Release|x64.ActiveCfg = Release|x64
		{A25C9D1B-7FA0-4314-B97B-1D9CEB503264}.Release|x64.Build.0 = Release|x64
		{A25C9D1B-7FA0-4314-B97B-1D9CEB503264}.Release|x86.ActiveCfg = Release|Win32
		{A25C9D1B-7FA0-4314-B97B-1D9CEB503264}.Release|x86.Build.0 = Release|Win32
		{42205D01-C268-4A7A-AEC2-9CA8FA77D5B4}.Debug|x64.ActiveCfg = Debug|x64
		{42205D01-C268-4A7A-AEC2-9CA8FA77D5B4}.Debug|x64.Build.0 = Debug|x64
		{42205D01-C268-4A7A-AEC2-9CA8FA77D5B4}.Debug|x86.ActiveCfg = Debug|Win32
		{42205D01-C268-4A7A-AEC2-9CA8FA77D5B4}.Debug|x86.Build.0 = Debug|Win32
		{42205D01-C268-4A7A-AEC2-9CA8FA77D5B4}.Release|x64.ActiveCfg = Release|x64
		{42205D01-C268-4A7A-AEC2-9CA8FA77D5B4}.Release|x64.Build.0 = Release|x64
		{42205D01-C268-4A7A-AEC2-9CA8FA77D5B4}.Release|x86.ActiveCfg = Release|Win32
		{42205D01-C268-4A7A-AEC2-9CA8FA77D5B4}.Release|x86.Build.0 = Release|Win32
	EndGlobalSection
	GlobalSection(SolutionProperties) = preSolution
		HideSolutionNode = FALSE
	EndGlobalSection
	GlobalSection(NestedProjects) = preSolution
		{3B0CEC0D-84E7-4621-9F9E-BFB2E7496775} = {952F8DE8-1A1A-4D39-87A3-BA67C34F81AD}
		{5DDA5870-753F-485E-8AF9-5B4E00E80E65} = {9319E8AE-B608-4096-B047-79D9DF5276E2}
		{054F5B5E-C52C-493F-8A90-A669ED21D0F0} = {9319E8AE-B608-4096-B047-79D9DF5276E2}
		{03FA904A-8FE5-480F-9839-80C3D4ECF64F} = {5797EDCA-5431-4D71-8DE9-D3429B013A82}
		{B1D7B4E7-D8BF-4ED1-84D1-E5DD0B57576B} = {5797EDCA-5431-4D71-8DE9-D3429B013A82}
		{E9C0F9A2-C505-4EEE-AD94-E1E9FF703F4D} = {5797EDCA-5431-4D71-8DE9-D3429B013A82}
		{C48A86FA-8428-4C95-B54B-2B0427962198} = {5797EDCA-5431-4D71-8DE9-D3429B013A82}
		{12F5164A-B58C-4532-BA6D-930EE1D441B2} = {A5929C48-8582-4079-BEBB-69876F2C83D0}
		{4396CE83-6B3E-435E-B391-E4C3647047CF} = {A5929C48-8582-4079-BEBB-69876F2C83D0}
		{DED55F23-4D8D-45B4-9B82-10528E23C861} = {1D9F6868-7677-4B15-9E89-6B4127F536AF}
		{82916062-B46F-40A9-9247-933B7ADED8FF} = {1D9F6868-7677-4B15-9E89-6B4127F536AF}
		{7DC9BCD4-35D3-4277-BAC7-8320E54185D4} = {1D9F6868-7677-4B15-9E89-6B4127F536AF}
		{E9738508-E25F-46B8-8AFC-DBEB75DEB072} = {1D9F6868-7677-4B15-9E89-6B4127F536AF}
		{CFFC2D57-8DC0-47A2-B1F1-F32F16F01050} = {1D9F6868-7677-4B15-9E89-6B4127F536AF}
		{EF6C48F6-F765-42EF-9C98-85D5685BC23A} = {9B06185D-73DC-40B2-8287-61EF685DD401}
		{84577D4A-EC3A-46BE-B2A3-538EAD4F3636} = {9B06185D-73DC-40B2-8287-61EF685DD401}
		{B670D244-135A-4070-9319-A280E4BE08A9} = {2C84DA1C-7DD3-49AE-8093-9DDAE73924EA}
		{E6780FDD-5375-4894-A7C0-C16CB461227D} = {2C84DA1C-7DD3-49AE-8093-9DDAE73924EA}
		{AEDEC885-A038-4336-9855-B1C521695089} = {2E1C3779-6A2F-44E6-A153-75BD1931F1F7}
		{5DE91A62-240A-412F-9ABE-83538CBCE86B} = {ED387B72-C56E-4C94-AA4C-2F21F3F6BE1A}
		{918974AD-99D6-4A4A-80F9-FE3EAD32A098} = {ED387B72-C56E-4C94-AA4C-2F21F3F6BE1A}
		{DA2CCC05-6C8B-41FD-9C1C-768C81EF74A2} = {451D57B9-CA4E-4B47-830F-281EAB068E42}
		{D43F12AC-CB80-4B26-90B3-5526E4C8E332} = {2C84DA1C-7DD3-49AE-8093-9DDAE73924EA}
		{0875E1D8-CCEF-47FB-9945-65980AE956F2} = {06BA3950-43A7-4A1A-8C96-FF055F245C81}
		{90503E6A-FD28-4E26-87AD-D13F368AE7BE} = {06BA3950-43A7-4A1A-8C96-FF055F245C81}
		{47122038-C2C0-4F48-BF13-D746593F9E77} = {FBC61EEE-D855-463F-AE37-846E2FDFE6FE}
		{E45212A0-E0D9-4E05-9DF5-7B6963CDC65C} = {87875DB6-5E85-4EB4-B074-D663D31FF797}
		{A25C9D1B-7FA0-4314-B97B-1D9CEB503264} = {8F4D27C9-2F65-4CD8-A7D1-9930754FAA6A}
		{42205D01-C268-4A7A-AEC2-9CA8FA77D5B4} = {52DBBB2D-2482-488C-A71C-92CD0534BA53}
	EndGlobalSection
	GlobalSection(ExtensibilityGlobals) = postSolution
		SolutionGuid = {78C50D33-A066-48B2-8D05-0196E2405FF7}
	EndGlobalSection
EndGlobal
